bitbucket.org/bertimus9/systemstat v0.0.0-20140226211510-1468fd0db205/go.mod h1:Ulb78X89vxKYgdL24HMTiXYHlyHEvruOj1ZPlqeNEZM=
cloud.google.com/go v0.0.0-20160916222349-837ecd5c3c75 h1:NQhD28/DKQV7j26w73JDzwnUa1OokAC6YS6dJdInvxY=
cloud.google.com/go v0.0.0-20160916222349-837ecd5c3c75/go.mod h1:aQUYkXzVsufM+DwF1aE+0xfcU+56JwCaLick0ClmMTw=
github.com/Azure/azure-sdk-for-go v0.0.0-20160210183655-95361a2573b1/go.mod h1:9XXNKU+eRnpl9moKnB4QOLf1HestfXbmab5FXxiDBjc=
github.com/ClusterHQ/flocker-go v0.0.0-20160209181523-1c0a791b33bd/go.mod h1:7ISC8ohUbaqpHXST260n0O+dI2V+f6mrFBNZmBPRHYI=
github.com/Microsoft/go-winio v0.1.0/go.mod h1:VhR8bwka0BXejwEJY73c50VrPtXAaKcyvVC4A4RozmA=
github.com/Sirupsen/logrus v0.0.0-20141218155214-51fe59aca108 h1:yon6OZN36Dx2+qAume16RHcPXM7V5E7mKz01HcWn/Iw=
github.com/Sirupsen/logrus v0.0.0-20141218155214-51fe59aca108/go.mod h1:rmk17hk6i8ZSAJkSDa7nOxamrG+SP4P0mm+DAvExv4U=
github.com/Sirupsen/logrus v0.0.0-20150423025312-26709e271410/go.mod h1:rmk17hk6i8ZSAJkSDa7nOxamrG+SP4P0mm+DAvExv4U=
github.com/Sirupsen/logrus v0.0.0-20150430065829-aaf92c957121 h1:8F44M7nty3yTWUoTdf5ej/I5xTkGDYfaXQXTTmaOUZY=
github.com/Sirupsen/logrus v0.0.0-20150430065829-aaf92c957121/go.mod h1:rmk17hk6i8ZSAJkSDa7nOxamrG+SP4P0mm+DAvExv4U=
github.com/Sirupsen/logrus v0.7.3/go.mod h1:rmk17hk6i8ZSAJkSDa7nOxamrG+SP4P0mm+DAvExv4U=
github.com/abbot/go-http-auth v0.0.0-20140618235127-c0ef4539dfab/go.mod h1:Cz6ARTIzApMJDzh5bRMSUou6UMSp0IEXg9km/ci7TJM=
github.com/appc/cni v0.0.0-20150922153959-2a58bd9379ca/go.mod h1:+JvcwZORvjAIdTtOBUNnR7Ry5kSqPwtibBlXdzxGQYg=
github.com/appc/spec v0.0.0-20160520201007-ab50d12e88f5/go.mod h1:2F+EK25qCkHIzwA7HQjWIK7r2LOL1gQlou8mm2Fdif0=
github.com/armon/go-metrics v0.0.0-20151231010739-345426c77237/go.mod h1:Q73ZrmVTwzkszR9V5SSuryQ31EELlFMUz1kKyl939pY=
github.com/aws/aws-sdk-go v0.0.0-20160202195807-49c3892b61af/go.mod h1:ZRmQr0FajVIyZ4ZzBYKG5P3ZqPz9IHG41ZoMu1ADI3k=
github.com/aws/aws-sdk-go v1.0.8/go.mod h1:ZRmQr0FajVIyZ4ZzBYKG5P3ZqPz9IHG41ZoMu1ADI3k=
github.com/beorn7/perks v0.0.0-20160229213445-3ac7bf7a47d1/go.mod h1:Dwedo/Wpr24TaqPxmxbtue+5NUziq4I4S80YR8gNf3Q=
github.com/beorn7/perks v0.0.0-20160804104726-4c0e84591b9a h1:BtpsbiV638WQZwhA98cEZw2BsbnQJrbd0BI7tsy0W1c=
github.com/beorn7/perks v0.0.0-20160804104726-4c0e84591b9a/go.mod h1:Dwedo/Wpr24TaqPxmxbtue+5NUziq4I4S80YR8gNf3Q=
github.com/blang/semver v3.0.1+incompatible/go.mod h1:kRBLl5iJ+tD4TcOOxsy/0fnwebNt5EWlYSAyrTnjyyk=
github.com/blang/semver v3.3.0+incompatible h1:BRtK3PUrMsESEGZwVNZa3sYPGIoNRla1Uhy+oHXiXrE=
github.com/blang/semver v3.3.0+incompatible/go.mod h1:kRBLl5iJ+tD4TcOOxsy/0fnwebNt5EWlYSAyrTnjyyk=
github.com/boltdb/bolt v0.0.0-20160120005544-ee4a0888a9ab/go.mod h1:clJnj/oiGkjum5o1McbSZDSLxVThjynRyGBgiAx27Ps=
github.com/bugsnag/bugsnag-go v0.0.0-20141110184014-b1d153021fcd/go.mod h1:2oa8nejYd4cQ/b0hMIopN0lCRxU0bueqREvZLWFrtK8=
github.com/bugsnag/osext v0.0.0-20130617224835-0dd3f918b21b/go.mod h1:obH5gd0BsqsP2LwDJ9aOkm/6J86V6lyAXCoQWGw3K50=
github.com/bugsnag/panicwrap v0.0.0-20151223152923-e2c28503fcd0/go.mod h1:D/8v3kj0zr8ZAKg1AQ6crr+5VwKN5eIywRkfhyM/+dE=
github.com/carlossg/moby v0.0.0-20160916185615-340e5233b2fb h1:KYV052d0+vlv5rJknAFYvoyDBAmBdxWBcfE/5IKr7pU=
github.com/carlossg/moby v0.0.0-20160916185615-340e5233b2fb/go.mod h1:a5/5CgcU1F7YExbzdcKexictEcl3c/xZYeKyf05WpF8=
github.com/carlossg/moby v0.7.3-0.20160916185615-340e5233b2fb h1:OBNa0IKikBxkIsfzTaVfoDZiNdFwuP+S0xpC/qAGacw=
github.com/carlossg/moby v0.7.3-0.20160916185615-340e5233b2fb/go.mod h1:a5/5CgcU1F7YExbzdcKexictEcl3c/xZYeKyf05WpF8=
github.com/carlossg/moby v0.7.3-0.20190221162405-e6e7775452b6 h1:ZDp0iVhCoAv1OZPT6wuOgkdrk2Rk5tGWUkt1r6evbrE=
github.com/carlossg/moby v0.7.3-0.20190221162405-e6e7775452b6/go.mod h1:a5/5CgcU1F7YExbzdcKexictEcl3c/xZYeKyf05WpF8=
github.com/cloudfoundry-incubator/candiedyaml v0.0.0-20160429080125-99c3df83b515 h1:w9aM4g/uDa2+bpH8M0pG+fUQID3yV1oXzgyXGdxp8yw=
github.com/cloudfoundry-incubator/candiedyaml v0.0.0-20160429080125-99c3df83b515/go.mod h1:dOLSIXcRQJiDS1vlrYFNJicoHNZLsBKideE+70hGdV4=
github.com/codegangsta/cli v0.0.0-20150510184554-942282e931e8/go.mod h1:/qJNoX69yVSKu5o4jLyXAENLRyk1uhi7zkbQ3slBdOA=
github.com/codegangsta/negroni v0.0.0-20150314174748-8d75e11374a1/go.mod h1:v0y3T5G7Y1UlFfyxFn/QLRU4a2EuNau2iZY63YTKWo0=
github.com/coreos/etcd v0.0.0-20160408020615-8b320e7c5500/go.mod h1:uF7uidLiAD3TWHmW31ZFd/JWoc32PjwdhPthX9715RE=
github.com/coreos/go-etcd v0.0.0-20151026160318-003851be7bb0/go.mod h1:Jez6KQU2B/sWsbdaef3ED8NzMklzPG4d5KIOhIy30Tk=
github.com/coreos/go-oidc v0.0.0-20160504003935-5cf2aa52da8c/go.mod h1:CgnwVTmzoESiwO9qyAFEMiHoZ1nMCKZlZ9V6mm3/LKc=
github.com/coreos/go-oidc v0.0.0-20160829231157-fe7346e2e685 h1:jkYy28aCg0J9N+QmOAnesjhkY4ZrdsQGnFCauEws5ms=
github.com/coreos/go-oidc v0.0.0-20160829231157-fe7346e2e685/go.mod h1:CgnwVTmzoESiwO9qyAFEMiHoZ1nMCKZlZ9V6mm3/LKc=
github.com/coreos/go-semver v0.0.0-20150725033620-d043ae190b32/go.mod h1:nnelYz7RCh+5ahJtPPxZlU+153eP4D4r3EedlOD2RNk=
github.com/coreos/go-systemd v0.0.0-20151104194251-b4a58d95188d/go.mod h1:F5haX7vjVVG0kc13fIWeqUViNPyEJxv/OmvnBo0Yme4=
github.com/coreos/go-systemd v0.0.0-20160527140244-4484981625c1/go.mod h1:F5haX7vjVVG0kc13fIWeqUViNPyEJxv/OmvnBo0Yme4=
github.com/coreos/pkg v0.0.0-20160530111557-7f080b6c11ac/go.mod h1:E3G3o1h8I7cfcXa63jLwjI0eiQQMgzzUDFVpN/nH/eA=
github.com/coreos/pkg v0.0.0-20160727233714-3ac0863d7acf h1:CAKfRE2YtTUIjjh1bkBtyYFaUT/WmOqsJjgtihT0vMI=
github.com/coreos/pkg v0.0.0-20160727233714-3ac0863d7acf/go.mod h1:E3G3o1h8I7cfcXa63jLwjI0eiQQMgzzUDFVpN/nH/eA=
github.com/coreos/rkt v1.6.0/go.mod h1:O634mlH6U7qk87poQifK6M2rsFNt+FyUTWNMnP1hF1U=
github.com/cpuguy83/go-md2man v1.0.4/go.mod h1:N6JayAiVKtlHSnuTCeuLSQVs75hb8q+dYQLjr7cDsKY=
github.com/davecgh/go-spew v0.0.0-20151105211317-5215b55f46b2/go.mod h1:J7Y8YcW2NihsgmVo/mv3lAwl/skON4iLHjSsI+c5H38=
github.com/davecgh/go-spew v0.0.0-20160907170601-6d212800a42e h1:PuhFC+IBoXcNHhkaUTRc+kNN0MtTMPFoWWBXyNMw7ww=
github.com/davecgh/go-spew v0.0.0-20160907170601-6d212800a42e/go.mod h1:J7Y8YcW2NihsgmVo/mv3lAwl/skON4iLHjSsI+c5H38=
github.com/daviddengcn/go-colortext v0.0.0-20160507010035-511bcaf42ccd/go.mod h1:dv4zxwHi5C/8AeI+4gX4dCWOIvNi7I6JCSX0HvlKPgE=
github.com/denverdino/aliyungo v0.0.0-20151224125954-6ffb587da9da/go.mod h1:dV8lFg6daOBZbT6/BDGIz6Y3WFGn8juu6G+CQ6LHtl0=
github.com/dgrijalva/jwt-go v0.0.0-20150420204307-5ca80149b9d3 h1:HcPyFzIv5nYO4axGn1vbieSHGQaWPX8puhRmcDY95UM=
github.com/dgrijalva/jwt-go v0.0.0-20150420204307-5ca80149b9d3/go.mod h1:E3ru+11k8xSBh+hMPgOLZmtrrCbhqsmaPHjLKYnJCaQ=
github.com/docker/distribution v0.0.0-20160703061131-559433598c7b h1:ONU9kISSsM4exK6PvXov185ZQUEb1dsoLX7zwLVhsNY=
github.com/docker/distribution v0.0.0-20160703061131-559433598c7b/go.mod h1:J2gT2udsDAN96Uj4KfcMRqY0/ypR+oyYUYmja8H+y+w=
github.com/docker/docker v0.0.0-20150722082610-0f5c9d301b9b/go.mod h1:eEKB0N0r5NX/I1kEveEz05bcu8tLC/8azJZsviup8Sk=
github.com/docker/docker v0.0.0-20160919125806-c2d6e76a7046 h1:FAzXI7BRchu3efP48C/fAHTZibBJzRAg4ESV97tI+SI=
github.com/docker/docker v0.0.0-20160919125806-c2d6e76a7046/go.mod h1:eEKB0N0r5NX/I1kEveEz05bcu8tLC/8azJZsviup8Sk=
github.com/docker/engine-api v0.0.0-20160424092201-3d72d392d07b/go.mod h1:xtQCpzf4YysNZCVFfIGIm7qfLvYbxtLkEVVfKhTVOvw=
github.com/docker/engine-api v0.0.0-20160908232104-4290f40c0566 h1:M0uefuY8bh7EaTcIbL3LZ6E4Gx0pbidVh6cGDtcVu90=
github.com/docker/engine-api v0.0.0-20160908232104-4290f40c0566/go.mod h1:xtQCpzf4YysNZCVFfIGIm7qfLvYbxtLkEVVfKhTVOvw=
github.com/docker/go-connections v0.0.0-20160304224811-f549a9393d05/go.mod h1:Gbd7IOopHjR8Iph03tsViu4nIes5XhDvyHbTtUxmeec=
github.com/docker/go-connections v0.0.0-20160903000609-988efe982fde h1:/6Rj8m3PANIgwGyMco/hGavwjvASS9SZFvlG1naUnEs=
github.com/docker/go-connections v0.0.0-20160903000609-988efe982fde/go.mod h1:Gbd7IOopHjR8Iph03tsViu4nIes5XhDvyHbTtUxmeec=
github.com/docker/go-units v0.0.0-20151230175859-0bbddae09c5a/go.mod h1:fgPhTUdO+D/Jk86RDLlptpiXQzgHJF7gydDDbaIK4Dk=
github.com/docker/go-units v0.0.0-20160908210652-f2145db70349 h1:vniVbk1OXSm6aBw++b0rNTGZ6P/otd3NnkkA4hn4J4g=
github.com/docker/go-units v0.0.0-20160908210652-f2145db70349/go.mod h1:fgPhTUdO+D/Jk86RDLlptpiXQzgHJF7gydDDbaIK4Dk=
github.com/docker/go-units v0.2.0 h1:TtZVwKVMsN8COBXUhH/x17NFxEFfIIK2i9DL/nz4zfE=
github.com/docker/go-units v0.2.0/go.mod h1:fgPhTUdO+D/Jk86RDLlptpiXQzgHJF7gydDDbaIK4Dk=
github.com/docker/goamz v0.0.0-20160206023946-f0a21f5b2e12/go.mod h1:R64jFQ0TSBODeRBeeFSZuT0jrucgCSUjp34Xm0VveX0=
github.com/docker/libtrust v0.0.0-20150114040149-fa567046d9b1/go.mod h1:cyGadeNEkKy96OOhEzfZl+yxihPEzKnqJwvfuSUqbZE=
github.com/docker/libtrust v0.0.0-20160708172513-aabc10ec26b7 h1:UhxFibDNY/bfvqU5CAUmr9zpesgbU6SWc8/B4mflAE4=
github.com/docker/libtrust v0.0.0-20160708172513-aabc10ec26b7/go.mod h1:cyGadeNEkKy96OOhEzfZl+yxihPEzKnqJwvfuSUqbZE=
github.com/docker/spdystream v0.0.0-20160310174837-449fdfce4d96/go.mod h1:Qh8CwZgvJUkLughtfhJv5dyTYa91l1fOUCrgjqmcifM=
github.com/elazarl/go-bindata-assetfs v0.0.0-20150624150248-3dcc96556217/go.mod h1:v+YaWX3bdea5J/mo8dSETolEo7R71Vk1u8bnjau5yw4=
github.com/elazarl/goproxy v0.0.0-20150922040642-07b16b6e30fc/go.mod h1:/Zj4wYkgs4iZTTu3o/KG3Itv/qCCa8VVMlb3i9OVuzc=
github.com/emicklei/go-restful v0.0.0-20160509190233-7c47e2558a0b/go.mod h1:otzb+WCGbkyDHkqmQmT5YD2WR4BBwUdeQoFo8l/7tVs=
github.com/emicklei/go-restful v0.0.0-20160919095221-c795848f1d7f h1:hlBGzsM/GMSX3+niXAgNXxCo9QdGA+vUiO1fzRJr9Y8=
github.com/emicklei/go-restful v0.0.0-20160919095221-c795848f1d7f/go.mod h1:otzb+WCGbkyDHkqmQmT5YD2WR4BBwUdeQoFo8l/7tVs=
github.com/evanphx/json-patch v0.0.0-20160608203944-465937c80b3c/go.mod h1:50XU6AFN0ol/bzJsmQLiYLvXMP4fmwYFNcr97nuDLSk=
github.com/evanphx/json-patch v0.0.0-20160803213441-30afec6a1650 h1:CtS05rieyoGdiP2OGIUidaS8ntkPuaI41MgQ26DpR4c=
github.com/evanphx/json-patch v0.0.0-20160803213441-30afec6a1650/go.mod h1:50XU6AFN0ol/bzJsmQLiYLvXMP4fmwYFNcr97nuDLSk=
github.com/fsouza/go-dockerclient v0.0.0-20160919115703-bff78c40efd5 h1:kLHY2t4STuROfoRdRiHkv3gOxQ+Dizjhz1ztXzNcNYc=
github.com/fsouza/go-dockerclient v0.0.0-20160919115703-bff78c40efd5/go.mod h1:KpcjM623fQYE9MZiTGzKhjfxXAV9wbyX2C1cyRHfhl0=
github.com/garyburd/redigo v0.0.0-20150301180006-535138d7bcd7/go.mod h1:NR3MbYisc3/PwhQ00EMzDiPmrwpPxAn5GI05/YaO1SY=
github.com/garyburd/redigo v0.0.0-20160525165706-b8dc90050f24/go.mod h1:NR3MbYisc3/PwhQ00EMzDiPmrwpPxAn5GI05/YaO1SY=
github.com/ghodss/yaml v0.0.0-20150909031657-73d445a93680/go.mod h1:4dBDuWmgqj2HViK6kFavaiC9ZROes6MMH2rRYeMEF04=
github.com/ghodss/yaml v0.0.0-20160604002925-aa0c86205766 h1:zuHHSLtqQzeNb4X5AjIhNehd5ATHqhI1EOGO+4MdJFE=
github.com/ghodss/yaml v0.0.0-20160604002925-aa0c86205766/go.mod h1:4dBDuWmgqj2HViK6kFavaiC9ZROes6MMH2rRYeMEF04=
github.com/go-ini/ini v0.0.0-20151119163333-2e44421e256d/go.mod h1:ByCAeIL28uOIIG0E3PJtZPDL8WnHpFKFOtgjp+3Ies8=
github.com/go-ini/ini v1.8.6/go.mod h1:ByCAeIL28uOIIG0E3PJtZPDL8WnHpFKFOtgjp+3Ies8=
github.com/godbus/dbus v0.0.0-20151105175453-c7fdd8b5cd55/go.mod h1:/YcGZj5zSblfDWMMoOzV4fas9FZnQYTkDnsGvmh2Grw=
github.com/gogo/protobuf v0.0.0-20160201142551-82d16f734d6d/go.mod h1:r8qH/GZQm5c6nD/R0oafs1akxWv10x8SbQlK7atdtwQ=
github.com/gogo/protobuf v0.0.0-20160910082029-a11c89fbb0ad h1:z50q4akxzWaM+C/BPivymai4MWOHkYhyBtHVLsVDMzk=
github.com/gogo/protobuf v0.0.0-20160910082029-a11c89fbb0ad/go.mod h1:r8qH/GZQm5c6nD/R0oafs1akxWv10x8SbQlK7atdtwQ=
github.com/golang/glog v0.0.0-20141105023935-44145f04b68c/go.mod h1:SBH7ygxi8pfUlaOkMMuAQtPIUF8ecWP5IEl/CR7VP2Q=
github.com/golang/glog v0.0.0-20160126235308-23def4e6c14b h1:VKtxabqXZkF25pY9ekfRL6a582T4P37/31XEstQ5p58=
github.com/golang/glog v0.0.0-20160126235308-23def4e6c14b/go.mod h1:SBH7ygxi8pfUlaOkMMuAQtPIUF8ecWP5IEl/CR7VP2Q=
github.com/golang/groupcache v0.0.0-20150125180832-604ed5785183/go.mod h1:cIg4eruTrX1D+g88fzRXU5OdNfaM+9IcxsU14FzY7Hc=
github.com/golang/groupcache v0.0.0-20160803200408-a6b377e3400b h1:r3g6TzH2sqk2pEn+xtA4nPVyG+NQDMzA1H7k5lhGWKA=
github.com/golang/groupcache v0.0.0-20160803200408-a6b377e3400b/go.mod h1:cIg4eruTrX1D+g88fzRXU5OdNfaM+9IcxsU14FzY7Hc=
github.com/golang/mock v0.0.0-20160127222235-bd3c8e81be01/go.mod h1:oTYuIxOrZwtPieC+H1uAHpcLFnEyAGVDL/k47Jfbm0A=
github.com/golang/protobuf v0.0.0-20150316215550-f7137ae6b19a/go.mod h1:6lQm79b+lXiMfvg/cZm0SGofjICqVBUtrP5yJMmIC1U=
github.com/golang/protobuf v0.0.0-20160203230820-b982704f8bb7/go.mod h1:6lQm79b+lXiMfvg/cZm0SGofjICqVBUtrP5yJMmIC1U=
github.com/golang/protobuf v0.0.0-20160321223353-8d92cf5fc15a/go.mod h1:6lQm79b+lXiMfvg/cZm0SGofjICqVBUtrP5yJMmIC1U=
github.com/golang/protobuf v0.0.0-20160829194233-1f49d83d9aa0 h1:80TTswsNQ80smEffZo/oPOnqP1EA59ZP8C2GGfcL7Us=
github.com/golang/protobuf v0.0.0-20160829194233-1f49d83d9aa0/go.mod h1:6lQm79b+lXiMfvg/cZm0SGofjICqVBUtrP5yJMmIC1U=
github.com/google/btree v0.0.0-20150413163644-cc6329d4279e/go.mod h1:lNA+9X1NB3Zf8V7Ke586lFgjr2dZNuvo3lPJSGZ5JPQ=
github.com/google/cadvisor v0.0.0-20160913222418-d7a44cb1a2c6 h1:9GlaHWjLIzo+JAjz2OG7BPS6yc9Jp97j3dUGaT2mylM=
github.com/google/cadvisor v0.0.0-20160913222418-d7a44cb1a2c6/go.mod h1:1nql6U13uTHaLYB8rLS5x9IJc2qT6Xd/Tr1sTX6NE48=
github.com/google/cadvisor v0.23.6 h1:orCbfTKTcG2BHVxQseh07tUT46X9KlYJUN7wzeTpxcU=
github.com/google/cadvisor v0.23.6/go.mod h1:1nql6U13uTHaLYB8rLS5x9IJc2qT6Xd/Tr1sTX6NE48=
github.com/google/gofuzz v0.0.0-20150304233714-bbcb9da2d746/go.mod h1:HP5RmnzzSNb993RKQDq4+1A4ia9nllfqcQFTQJedwGI=
github.com/google/gofuzz v0.0.0-20160201174807-fd52762d25a4 h1:sLAa7vuGPwMevw+IUb8uGNqW7zt/6d+CSj+Qe2Ac2ks=
github.com/google/gofuzz v0.0.0-20160201174807-fd52762d25a4/go.mod h1:HP5RmnzzSNb993RKQDq4+1A4ia9nllfqcQFTQJedwGI=
github.com/gorilla/context v0.0.0-20140604161150-14f550f51af5/go.mod h1:kBGZzfjB9CEq2AlWe17Uuf7NDRt0dE0s8S51q0aT7Yg=
github.com/gorilla/context v0.0.0-20141217160251-215affda49ad/go.mod h1:kBGZzfjB9CEq2AlWe17Uuf7NDRt0dE0s8S51q0aT7Yg=
github.com/gorilla/context v1.1.1/go.mod h1:kBGZzfjB9CEq2AlWe17Uuf7NDRt0dE0s8S51q0aT7Yg=
github.com/gorilla/handlers v0.0.0-20150720190736-60c7bfde3e33/go.mod h1:Qkdc/uu4tH4g6mTK6auzZ766c4CA0Ng8+o/OAirnOIQ=
github.com/gorilla/mux v0.0.0-20140926153814-e444e69cbd2e/go.mod h1:1lud6UwP+6orDFRuTfBEV8e9/aOM/c4fVVCaMa2zaAs=
github.com/gorilla/mux v0.0.0-20150311031735-8096f4750345/go.mod h1:1lud6UwP+6orDFRuTfBEV8e9/aOM/c4fVVCaMa2zaAs=
github.com/gorilla/mux v0.0.0-20160902153343-0a192a193177 h1:tpmaYHErQrYbUpVhYR+wWZ2osVDTDkNrZqb1QGxN6EA=
github.com/gorilla/mux v0.0.0-20160902153343-0a192a193177/go.mod h1:1lud6UwP+6orDFRuTfBEV8e9/aOM/c4fVVCaMa2zaAs=
github.com/hashicorp/go-cleanhttp v0.0.0-20160407174126-ad28ea4487f0 h1:2l0haPDqCzZEO160UR5DSrrl8RWptFCoxFsSbRLJBaI=
github.com/hashicorp/go-cleanhttp v0.0.0-20160407174126-ad28ea4487f0/go.mod h1:JpRdi6/HCYpAwUzNwuwqhbovhLtngrth3wmdIIUrZ80=
github.com/hashicorp/go-msgpack v0.0.0-20150518234257-fa3f63826f7c/go.mod h1:ahLV/dePpqEmjfWmKiqvPkv/twdG7iPBM1vqhUKIvfM=
github.com/hashicorp/golang-lru v0.0.0-20160207214719-a0d98a5f2880/go.mod h1:/m3WP610KZHVQ1SGc6re/UDhFvYD7pJ4Ao+sR/qLZy8=
github.com/hashicorp/raft v0.0.0-20160122003043-057b893fd996/go.mod h1:DVSAWItjLjTOkVbSpWQ0j0kUADIvDaCtBxIcbNAQLkI=
github.com/hashicorp/raft-boltdb v0.0.0-20150201200839-d1e82c1ec3f1/go.mod h1:pNv7Wc3ycL6F5oOWn+tPGo2gWD4a5X+yp/ntwdKLjRk=
github.com/hawkular/hawkular-client-go v0.0.0-20151008090435-1d46ce7e1eca/go.mod h1:S66kdEKTztNu/GH+yD/+5medwu3yMhSNVaJQuiauls4=
github.com/imdario/mergo v0.0.0-20141206190957-6633656539c1 h1:FeeCi0I2Fu8kA8IXrdVPtGzym+mW9bzfj9f26EaES9k=
github.com/imdario/mergo v0.0.0-20141206190957-6633656539c1/go.mod h1:2EnlNZ0deacrJVfApfmtdGgDfMuh/nq6Ok1EcJh5FfA=
github.com/inconshreveable/mousetrap v1.0.0/go.mod h1:PxqpIevigyE2G7u3NXJIT2ANytuPF1OarO4DADm73n8=
github.com/influxdb/influxdb v0.0.0-20150728233825-b237c68bab47/go.mod h1:GpjLgHRqWhDGlPAg7+Rj6NAYuzPojBM8XLG5Ouvvq+Q=
github.com/jmespath/go-jmespath v0.0.0-20151117175822-3433f3ea46d9/go.mod h1:Nht3zPeWKUH0NzdCt2Blrr5ys8VGpn0CEB0cQHVjt7k=
github.com/jmespath/go-jmespath v0.0.0-20160202185014-0b12d6b521d8/go.mod h1:Nht3zPeWKUH0NzdCt2Blrr5ys8VGpn0CEB0cQHVjt7k=
github.com/jonboulle/clockwork v0.0.0-20141216175101-3f831b65b612/go.mod h1:Ii8DK3G1RaLaWxj9trq07+26W01tbo22gdxWY5EU2bo=
github.com/jonboulle/clockwork v0.0.0-20160907122059-bcac9884e750 h1:ysDggIU+1XiT58oKSl5C9d+hxeOW7kqeI2n6eZymuMs=
github.com/jonboulle/clockwork v0.0.0-20160907122059-bcac9884e750/go.mod h1:Ii8DK3G1RaLaWxj9trq07+26W01tbo22gdxWY5EU2bo=
github.com/juju/ratelimit v0.0.0-20151125201925-77ed1c8a0121 h1:tK7/W+/VbVcqFcQzl3qMnrc/z3h/XOBIrJ9e/cv5hx4=
github.com/juju/ratelimit v0.0.0-20151125201925-77ed1c8a0121/go.mod h1:qapgC/Gy+xNh9UxzV13HGGl/6UXNN+ct+vwSgWNm/qk=
github.com/kardianos/osext v0.0.0-20150410034420-8fef92e41e22/go.mod h1:1NbS8ALrpOvjt0rHPNLyCIeMtbizbir8U//inJ+zuB8=
github.com/kr/pty v0.0.0-20151007230424-f7ee69f31298/go.mod h1:pFQYn66WHrOpPYNljwOMqo10TkYh1fy3cYio2l3bCsQ=
github.com/matttproud/golang_protobuf_extensions v0.0.0-20150406173934-fc2b8d3a73c4/go.mod h1:D8He9yQNgCq6Z5Ld7szi9bcBfOoFv/3dc6xSMkL2PC0=
github.com/matttproud/golang_protobuf_extensions v1.0.1 h1:4hp9jkHxhMHkqkrB3Ix0jegS5sx/RkqARlsWZ6pIwiU=
github.com/matttproud/golang_protobuf_extensions v1.0.1/go.mod h1:D8He9yQNgCq6Z5Ld7szi9bcBfOoFv/3dc6xSMkL2PC0=
github.com/mesos/mesos-go v0.0.0-20160213225051-45c8b08e9af6/go.mod h1:kPYCMQ9gsOXVAle1OsoY4I1+9kPu8GHkf88aV59fDr4=
github.com/miekg/dns v0.0.0-20160325164119-c2b278e70f35/go.mod h1:W1PPwlIAgtquWBMBEV9nkV9Cazfe8ScdGz/Lj7v3Nrg=
github.com/mistifyio/go-zfs v0.0.0-20151009155749-1b4ae6fb4e77/go.mod h1:8AuVvqP/mXw1px98n46wfvcGfQ4ci2FwoAjKYxuo3Z4=
github.com/mitchellh/mapstructure v0.0.0-20140721150620-740c764bc614/go.mod h1:FVVH3fgwuzCH5S8UJGiWEs2h04kUh9fWfEaFds41c1Y=
github.com/mitchellh/mapstructure v0.0.0-20150528213339-482a9fd5fa83/go.mod h1:FVVH3fgwuzCH5S8UJGiWEs2h04kUh9fWfEaFds41c1Y=
github.com/mvdan/xurls v0.0.0-20160110113200-1b768d7c393a/go.mod h1:tQlNn3BED8bE/15hnSL2HLkDeLWpNPAwtw7wkEq44oU=
github.com/mxk/go-flowrate v0.0.0-20140419014527-cca7078d478f/go.mod h1:ZdcZmHo+o7JKHSa8/e818NopupXU1YMK5fe1lsApnBw=
github.com/ncw/swift v0.0.0-20151102203822-c54732e87b0b/go.mod h1:23YIA4yWVnGwv2dQlN4bB7egfYX6YLn0Yo/S6zZO/ZM=
github.com/onsi/ginkgo v0.0.0-20160409220416-2c2e9bb47b4e/go.mod h1:lLunBs/Ym6LB5Z9jYTR76FiuTmxDTDusOGeTQH+WWjE=
github.com/onsi/gomega v0.0.0-20160305213952-7ce781ea776b/go.mod h1:C1qb7wdrVGGVU+Z6iS04AVkA3Q65CEZX59MT0QO5uiA=
github.com/opencontainers/runc v0.0.7 h1:QfJv5w4VXEPOzUiyq471JnLyG5sZk3ogeNlzpTUyiX8=
github.com/opencontainers/runc v0.0.7/go.mod h1:qT5XzbpPznkRYVz/mWwUaVBUv2rmF59PVA73FjuZG0U=
github.com/opencontainers/specs v0.0.0-20160121215103-a7b50925d899/go.mod h1:bfATBL+Vm2NxrM/Y/nmJaR+k3fR3SRg9kgbrzBbCYpI=
github.com/openshift/origin v1.3.0 h1:HtBgMWJp/Yf+si3by4pleg4bRJvPrmEAoGOKaBytgJ0=
github.com/openshift/origin v1.3.0/go.mod h1:0Rox5r9C8aQn6j1oAOQ0c1uC86mYbUFObzjBRvUKHII=
github.com/pborman/uuid v0.0.0-20150603214016-ca53cad383ca/go.mod h1:VyrYX9gd7irzKovcSS6BIIEwPRkP2Wm2m9ufcdFSJ34=
github.com/pborman/uuid v0.0.0-20160824210600-b984ec7fa9ff h1:pTiDfW+iOjIxjZeCm88gKn/AmR09UGZYZdqif2yPRrM=
github.com/pborman/uuid v0.0.0-20160824210600-b984ec7fa9ff/go.mod h1:VyrYX9gd7irzKovcSS6BIIEwPRkP2Wm2m9ufcdFSJ34=
github.com/pkg/errors v0.0.0-20160916110212-a887431f7f6e h1:MYoBvbKAJbqY6qA6aHDFLKYBoUzC7ksm3UCk/Ihh1Og=
github.com/pkg/errors v0.0.0-20160916110212-a887431f7f6e/go.mod h1:bwawxfHBFNV+L2hUp1rHADufV3IMtnDRdf1r5NINEl0=
github.com/pmezard/go-difflib v0.0.0-20151028094244-d8ed2627bdf0/go.mod h1:iKH77koFhYxTK1pcRnkKkqfTogsbg7gZNVY4sRDYZ/4=
github.com/prometheus/client_golang v0.0.0-20150918133702-3b78d7a77f51/go.mod h1:7SWBe2y4D6OKWSNQJUaRYU/AaXPKyh/dDVn+NZz0KFw=
github.com/prometheus/client_golang v0.0.0-20160916180340-5636dc67ae77 h1:AsRF8OgdR5mSdUww9ELov+ybjPcwiRfYmQycUkMRR0k=
github.com/prometheus/client_golang v0.0.0-20160916180340-5636dc67ae77/go.mod h1:7SWBe2y4D6OKWSNQJUaRYU/AaXPKyh/dDVn+NZz0KFw=
github.com/prometheus/client_model v0.0.0-20150212101744-fa8ad6fec335 h1:0E/5GnGmzoDCtmzTycjGDWW33H0UBmAhR0h+FC8hWLs=
github.com/prometheus/client_model v0.0.0-20150212101744-fa8ad6fec335/go.mod h1:MbSGuTsp3dbXC40dX6PRTWyKYBIrTGTE9sqQNg2J8bo=
github.com/prometheus/common v0.0.0-20160526155509-a6ab08426bb2/go.mod h1:daVV7qP5qjZbuso7PdcryaAu0sAZbrN9i7WWcTMWvro=
github.com/prometheus/common v0.0.0-20160917184401-9a94032291f2 h1:HF1cQAEkBE9vUCNwR7MM+RzhlhCcVI81h3IC8jWSncs=
github.com/prometheus/common v0.0.0-20160917184401-9a94032291f2/go.mod h1:daVV7qP5qjZbuso7PdcryaAu0sAZbrN9i7WWcTMWvro=
github.com/prometheus/procfs v0.0.0-20150404022132-490cc6eb5fa4/go.mod h1:c3At6R/oaqEKCNdg8wHV1ftS6bRYblBhIjjI8uT2IGk=
github.com/prometheus/procfs v0.0.0-20160411190841-abf152e5f3e9 h1:ex32PG6WhE5zviWS08vcXTwX2IkaH9zpeYZZvrmj3/U=
github.com/prometheus/procfs v0.0.0-20160411190841-abf152e5f3e9/go.mod h1:c3At6R/oaqEKCNdg8wHV1ftS6bRYblBhIjjI8uT2IGk=
github.com/rackspace/gophercloud v0.0.0-20160603194251-934dbf81977c/go.mod h1:4bJ1FwuaBZ6dt1VcDX5/O662mwR8GWqS4l68H6hkoYQ=
github.com/robfig/cron v0.0.0-20160329153955-0f39cf7ebc65/go.mod h1:JGuDeoQd7Z6yL4zQhZ3OPEVHB7fL6Ka6skscFHfmt2k=
github.com/russross/blackfriday v0.0.0-20150211082251-77efab57b2f7/go.mod h1:JO/DiYxRf+HjHt06OyowR9PTA263kcR/rfWxYHBV53g=
github.com/samuel/go-zookeeper v0.0.0-20150817175050-177002e16a00/go.mod h1:gi+0XIa01GRL2eRQVjQkKGqKF3SF9vZR/HnPullcV2E=
github.com/seccomp/libseccomp-golang v0.0.0-20150813023252-1b506fc7c24e/go.mod h1:GbW5+tmTXfcxTToHLXlScSlAvWlF4P2Ca7zGrPiEpWo=
github.com/shurcooL/sanitized_anchor_name v0.0.0-20151028001915-10ef21a441db/go.mod h1:1NzhyTcUVG4SuEtjjoZeVRXNmyL/1OwPU0+IJeTBvfc=
github.com/sirupsen/logrus v0.7.3 h1:kQjcODT3d3zc0DOfhbg+bl6Q08gmD6Grhn8yByIDlFQ=
github.com/sirupsen/logrus v0.7.3/go.mod h1:pMByvHTf9Beacp5x1UXfOR9xyW/9antXMhjMPG0dEzc=
github.com/skynetservices/skydns v0.0.0-20160304171118-f7b6fb74bcfa/go.mod h1:nFx22SKQnJK/7WNnr8YvOs1j4M73X10u3n6tdeAdZ+8=
github.com/spf13/cobra v0.0.0-20150605180824-312092086bed/go.mod h1:1l0Ry5zgKvJasoi3XT1TypsSe7PqH0Sj9dhYf7v3XqQ=
github.com/spf13/cobra v0.0.0-20160403140835-4c05eb1145f1/go.mod h1:1l0Ry5zgKvJasoi3XT1TypsSe7PqH0Sj9dhYf7v3XqQ=
github.com/spf13/cobra v0.0.0-20160830174925-9c28e4bbd74e h1:YdP6GKJS0Ls++kXc85WCCX2ArKToqixBwpBrWP/5J/k=
github.com/spf13/cobra v0.0.0-20160830174925-9c28e4bbd74e/go.mod h1:1l0Ry5zgKvJasoi3XT1TypsSe7PqH0Sj9dhYf7v3XqQ=
github.com/spf13/pflag v0.0.0-20150601220040-564482062245/go.mod h1:DYY7MBk1bdzusC3SYhjObp+wFpr4gzcvqqNjLnInEg4=
github.com/spf13/pflag v0.0.0-20151013200643-08b1a584251b/go.mod h1:DYY7MBk1bdzusC3SYhjObp+wFpr4gzcvqqNjLnInEg4=
github.com/spf13/pflag v0.0.0-20160915153101-c7e63cf4530b h1:wT0f1lvMzot+G0vEQQqBBJIHEj5l+fVx72f7BC9xU14=
github.com/spf13/pflag v0.0.0-20160915153101-c7e63cf4530b/go.mod h1:DYY7MBk1bdzusC3SYhjObp+wFpr4gzcvqqNjLnInEg4=
github.com/stevvooe/resumable v0.0.0-20150521211217-51ad44105773/go.mod h1:1pdIZTAHUz+HDKDVZ++5xg/duPlhKAIzw9qy42CWYp4=
github.com/stretchr/objx v0.0.0-20150928122152-1a9d0bb9f541/go.mod h1:HFkY916IF+rwdDfMAkV7OtwuqBVzrE8GR6GFx+wExME=
github.com/stretchr/testify v0.0.0-20151208002404-e3a8ff8ce365/go.mod h1:a8OnRcib4nhh0OaRAV+Yts87kKdq0PP7pXfy6kDkUVs=
github.com/syndtr/gocapability v0.0.0-20150716010906-2c00daeb6c3b/go.mod h1:hkRG7XYTFWNJGYcbNJQlaLq0fg1yr4J4t/NcTQtrfww=
github.com/ugorji/go v0.0.0-20160211161415-f4485b318aad/go.mod h1:hnLbHMwcvSihnDhEfx2/BzKp2xb0Y+ErdfYcrs9tkJQ=
github.com/ugorji/go v0.0.0-20160911041919-98ef79d6c615 h1:8uylQf7AvwO7lOTCPfONUFys2h0b/cKeYQEmzthTI1k=
github.com/ugorji/go v0.0.0-20160911041919-98ef79d6c615/go.mod h1:hnLbHMwcvSihnDhEfx2/BzKp2xb0Y+ErdfYcrs9tkJQ=
github.com/vishvananda/netlink v0.0.0-20150820014904-1e2e08e8a2dc/go.mod h1:+SR5DhBJrl6ZM7CoCKvpw5BKroDKQ+PJqOg65H/2ktk=
github.com/vmware/govmomi v0.6.2/go.mod h1:URlwyTFZX72RmxtxuaFL2Uj3fD1JTvZdx59bHWk6aFU=
github.com/xiang90/probing v0.0.0-20150806223128-6a0cc1ae81b4/go.mod h1:UETIi67q53MR2AWcXfiuqkDkRtnGDLqkBTpCHuJHxtU=
github.com/xyproto/simpleredis v0.0.0-20150127194854-5292687f5379/go.mod h1:uSYFxIza9OX4jlWn/KHQRd0YDCXza/L/S4WatobDE0U=
github.com/yvasiyarov/go-metrics v0.0.0-20140926110328-57bccd1ccd43/go.mod h1:aX5oPXxHm3bOH+xeAttToC8pqch2ScQN/JoXYupl6xs=
github.com/yvasiyarov/gorelic v0.0.0-20141212073537-a9bba5b9ab50/go.mod h1:NUSPSUX/bi6SeDMUh6brw0nXpxHnc96TguQh0+r/ssA=
github.com/yvasiyarov/newrelic_platform_go v0.0.0-20140908184405-b21fdbd4370f/go.mod h1:GlGEuHIJweS1mbCqG+7vt2nvWLzLLnRHbXz5JKd/Qbg=
go4.org v0.0.0-20160314031811-03efcb870d84/go.mod h1:MkTOUMDaeVYJUOUsaDXIhWPZYa1yOyC1qaOBpL57BhE=
golang.org/x/crypto v0.0.0-20150422115931-c84e1f8e3a7e/go.mod h1:6SG95UA2DQfeDnfUPMdvaQW0Q7yPrPDi9nlGo2tz2b4=
golang.org/x/crypto v0.0.0-20150531185727-c10c31b5e94b/go.mod h1:6SG95UA2DQfeDnfUPMdvaQW0Q7yPrPDi9nlGo2tz2b4=
golang.org/x/exp v0.0.0-20160623011055-292a51b8d262/go.mod h1:CJ0aWSM057203Lf6IL+f9T1iT9GByDxfZKAQTCR3kQA=
golang.org/x/net v0.0.0-20160213020329-62685c2d7ca2/go.mod h1:mL1N/T3taQHkDXs73rZJwtUhF3w3ftmwwsq0BUmARs4=
golang.org/x/net v0.0.0-20160322021652-4876518f9e71/go.mod h1:mL1N/T3taQHkDXs73rZJwtUhF3w3ftmwwsq0BUmARs4=
golang.org/x/net v0.0.0-20160916033756-71a035914f99 h1:iGVPsOL/YKzoQt4fjGuH1ymhZ8omoll+73olHSFBgtI=
golang.org/x/net v0.0.0-20160916033756-71a035914f99/go.mod h1:mL1N/T3taQHkDXs73rZJwtUhF3w3ftmwwsq0BUmARs4=
golang.org/x/oauth2 v0.0.0-20150527205432-b5adcc2dcdf0/go.mod h1:N/0e6XlmueqKjAGxoOufVs8QHGRruUQn6yWY3a++T0U=
golang.org/x/oauth2 v0.0.0-20160304213135-045497edb623/go.mod h1:N/0e6XlmueqKjAGxoOufVs8QHGRruUQn6yWY3a++T0U=
golang.org/x/oauth2 v0.0.0-20160902055913-3c3a985cb79f h1:VWt05OS3Al9w09GSPgltoHP90whAHlpik/Bys7HVEDE=
golang.org/x/oauth2 v0.0.0-20160902055913-3c3a985cb79f/go.mod h1:N/0e6XlmueqKjAGxoOufVs8QHGRruUQn6yWY3a++T0U=
golang.org/x/sys v0.0.0-20151211033651-833a04a10549/go.mod h1:STP8DvDyc/dI5b8T5hshtkjS+E42TnysNCUPdjciGhY=
golang.org/x/sys v0.0.0-20160916181909-8f0908ab3b24/go.mod h1:STP8DvDyc/dI5b8T5hshtkjS+E42TnysNCUPdjciGhY=
google.golang.org/api v0.0.0-20160322025152-9bf6e6e569ff/go.mod h1:4mhQ8q/RsB7i+udVvVy5NUi08OU8ZlA0gRVgrF7VFY0=
google.golang.org/api v0.0.0-20160512212520-4300f6b0c8a7/go.mod h1:4mhQ8q/RsB7i+udVvVy5NUi08OU8ZlA0gRVgrF7VFY0=
google.golang.org/appengine v0.0.0-20160914034556-78199dcb0669/go.mod h1:EbEs0AVv82hx2wNQdGPgUI5lhzA/G0D9YwlJXL52JkM=
google.golang.org/cloud v0.0.0-20151119220103-975617b05ea8/go.mod h1:0H1ncTHf11KCFhTc/+EFRbzSCOZx+VUbRMk55Yv5MYk=
google.golang.org/cloud v0.0.0-20160324202040-eb47ba841d53/go.mod h1:0H1ncTHf11KCFhTc/+EFRbzSCOZx+VUbRMk55Yv5MYk=
google.golang.org/grpc v0.0.0-20160205184327-933601d8cd64/go.mod h1:yo6s7OP7yaDglbqo1J04qKzAhqBH6lvTonzMVmEdcZw=
gopkg.in/check.v1 v0.0.0-20161208181325-20d25e280405/go.mod h1:Co6ibVJAznAaIkqp8huTwlJQCZ016jof/cbN4VW5Yz0=
gopkg.in/check.v1 v1.0.0-20141024133853-64131543e789/go.mod h1:Co6ibVJAznAaIkqp8huTwlJQCZ016jof/cbN4VW5Yz0=
gopkg.in/gcfg.v1 v1.0.0/go.mod h1:yesOnuUOFQAhST5vPY4nbZsb/huCgGGXlipJsBn0b3o=
gopkg.in/inf.v0 v0.9.0 h1:3zYtXIO92bvsdS3ggAdA8Gb4Azj0YU+TVY1uGYNFA8o=
gopkg.in/inf.v0 v0.9.0/go.mod h1:cWUDdTG/fYaXco+Dcufb5Vnc6Gp2YChqWtbxRZE0mXw=
gopkg.in/natefinch/lumberjack.v2 v2.0.0-20150622162204-20b71e5b60d7/go.mod h1:l0ndWWf7gzL7RNwBG7wST/UCcT4T24xpD6X8LsfU/+k=
gopkg.in/yaml.v2 v2.0.0-20150116202057-bef53efd0c76/go.mod h1:JAlM8MvJe8wmxCU4Bli9HhUf9+ttbYbLASfIpnQbh74=
gopkg.in/yaml.v2 v2.0.0-20160301204022-a83829b6f129/go.mod h1:JAlM8MvJe8wmxCU4Bli9HhUf9+ttbYbLASfIpnQbh74=
gopkg.in/yaml.v2 v2.2.2 h1:ZCJp+EgiOT7lHqUV2J862kp8Qj64Jo6az82+3Td9dZw=
gopkg.in/yaml.v2 v2.2.2/go.mod h1:hI93XBmqTisBFMUTm0b8Fm+jr3Dg1NNxqwp+5A1VGuI=
k8s.io/heapster v1.1.0-beta2/go.mod h1:h1uhptVXMwC8xtZBYsPXKVi8fpdlYkTs6k949KozGrM=
k8s.io/kubernetes v0.0.0-20160901013233-52492b4bff99 h1:cv/e7noHAXiKlIR6ivhgvTkPrTyl8WwJXqO66ucl+rE=
k8s.io/kubernetes v0.0.0-20160901013233-52492b4bff99/go.mod h1:ocZa8+6APFNC2tX1DZASIbocyYT5jHzqFVsY5aoB7Jk=
